
Microsoft Visual Studio Solution File, Format Version 12.00
# Visual Studio Version 16
VisualStudioVersion = 16.0.31515.178
MinimumVisualStudioVersion = 10.0.40219.1
Project("{FAE04EC0-301F-11D3-BF4B-00C04F79EFBC}") = "journal", "journal\journal.csproj", "{F75DAE26-691A-4BD8-B7B5-0D9CFA1ED930}"
EndProject
Global
	GlobalSection(SolutionConfigurationPlatforms) = preSolution
		Debug|Any CPU = Debug|Any CPU
		Release|Any CPU = Release|Any CPU
	EndGlobalSection
	GlobalSection(ProjectConfigurationPlatforms) = postSolution
		{F75DAE26-691A-4BD8-B7B5-0D9CFA1ED930}.Debug|Any CPU.ActiveCfg = Debug|Any CPU
		{F75DAE26-691A-4BD8-B7B5-0D9CFA1ED930}.Debug|Any CPU.Build.0 = Debug|Any CPU
		{F75DAE26-691A-4BD8-B7B5-0D9CFA1ED930}.Release|Any CPU.ActiveCfg = Release|Any CPU
		{F75DAE26-691A-4BD8-B7B5-0D9CFA1ED930}.Release|Any CPU.Build.0 = Release|Any CPU
	EndGlobalSection
	GlobalSection(SolutionProperties) = preSolution
		HideSolutionNode = FALSE
	EndGlobalSection
	GlobalSection(ExtensibilityGlobals) = postSolution
		SolutionGuid = {771C1D6B-BD8F-46A2-A60C-5B9B56F9B491}
	EndGlobalSection
EndGlobal
